// !$*UTF8*$!
{
	archiveVersion = 1;
	classes = {
	};
	objectVersion = 46;
	objects = {

/* Begin PBXBuildFile section */
		713F99D61DC1969C006674F3 /* Utility.m in Sources */ = {isa = PBXBuildFile; fileRef = 713F99D51DC1969C006674F3 /* Utility.m */; };
		71524E791DC23B4900FC6278 /* Assets.xcassets in Resources */ = {isa = PBXBuildFile; fileRef = 71524E781DC23B4900FC6278 /* Assets.xcassets */; };
		71524E7F1DC249B400FC6278 /* PreferenceViewController.m in Sources */ = {isa = PBXBuildFile; fileRef = 71524E7E1DC249B400FC6278 /* PreferenceViewController.m */; };
		71524E811DC34D9200FC6278 /* about.html in Resources */ = {isa = PBXBuildFile; fileRef = 71524E801DC34D9200FC6278 /* about.html */; };
		71524E841DC34EC100FC6278 /* AboutViewController.m in Sources */ = {isa = PBXBuildFile; fileRef = 71524E831DC34EC100FC6278 /* AboutViewController.m */; };
		71524E861DC350ED00FC6278 /* WebKit.framework in Frameworks */ = {isa = PBXBuildFile; fileRef = 71524E851DC350ED00FC6278 /* WebKit.framework */; };
		71D6AED11DC0B9F10028623C /* AppDelegate.m in Sources */ = {isa = PBXBuildFile; fileRef = 71D6AED01DC0B9F10028623C /* AppDelegate.m */; };
		71D6AED41DC0B9F10028623C /* main.m in Sources */ = {isa = PBXBuildFile; fileRef = 71D6AED31DC0B9F10028623C /* main.m */; };
		71D6AEDC1DC0B9F10028623C /* Main.storyboard in Resources */ = {isa = PBXBuildFile; fileRef = 71D6AEDA1DC0B9F10028623C /* Main.storyboard */; };
		71D6AEE71DC102150028623C /* KonaManager.m in Sources */ = {isa = PBXBuildFile; fileRef = 71D6AEE61DC102150028623C /* KonaManager.m */; };
		FD509D806572F402055FD1E4 /* Pods_KonaBot_Mac.framework in Frameworks */ = {isa = PBXBuildFile; fileRef = 1725EA2B9B682AD20E830DC0 /* Pods_KonaBot_Mac.framework */; };
/* End PBXBuildFile section */

/* Begin PBXFileReference section */
		1725EA2B9B682AD20E830DC0 /* Pods_KonaBot_Mac.framework */ = {isa = PBXFileReference; explicitFileType = wrapper.framework; includeInIndex = 0; path = Pods_KonaBot_Mac.framework; sourceTree = BUILT_PRODUCTS_DIR; };
		4DD548370774683C34AD1E13 /* Pods-KonaBot-Mac.debug.xcconfig */ = {isa = PBXFileReference; includeInIndex = 1; lastKnownFileType = text.xcconfig; name = "Pods-KonaBot-Mac.debug.xcconfig"; path = "Pods/Target Support Files/Pods-KonaBot-Mac/Pods-KonaBot-Mac.debug.xcconfig"; sourceTree = "<group>"; };
		713F99D41DC1969C006674F3 /* Utility.h */ = {isa = PBXFileReference; fileEncoding = 4; lastKnownFileType = sourcecode.c.h; path = Utility.h; sourceTree = "<group>"; };
		713F99D51DC1969C006674F3 /* Utility.m */ = {isa = PBXFileReference; fileEncoding = 4; lastKnownFileType = sourcecode.c.objc; path = Utility.m; sourceTree = "<group>"; };
		71524E781DC23B4900FC6278 /* Assets.xcassets */ = {isa = PBXFileReference; lastKnownFileType = folder.assetcatalog; path = Assets.xcassets; sourceTree = "<group>"; };
		71524E7D1DC249B400FC6278 /* PreferenceViewController.h */ = {isa = PBXFileReference; fileEncoding = 4; lastKnownFileType = sourcecode.c.h; path = PreferenceViewController.h; sourceTree = "<group>"; };
		71524E7E1DC249B400FC6278 /* PreferenceViewController.m */ = {isa = PBXFileReference; fileEncoding = 4; lastKnownFileType = sourcecode.c.objc; path = PreferenceViewController.m; sourceTree = "<group>"; };
		71524E801DC34D9200FC6278 /* about.html */ = {isa = PBXFileReference; fileEncoding = 4; lastKnownFileType = text.html; path = about.html; sourceTree = "<group>"; };
		71524E821DC34EC100FC6278 /* AboutViewController.h */ = {isa = PBXFileReference; fileEncoding = 4; lastKnownFileType = sourcecode.c.h; path = AboutViewController.h; sourceTree = "<group>"; };
		71524E831DC34EC100FC6278 /* AboutViewController.m */ = {isa = PBXFileReference; fileEncoding = 4; lastKnownFileType = sourcecode.c.objc; path = AboutViewController.m; sourceTree = "<group>"; };
		71524E851DC350ED00FC6278 /* WebKit.framework */ = {isa = PBXFileReference; lastKnownFileType = wrapper.framework; name = WebKit.framework; path = System/Library/Frameworks/WebKit.framework; sourceTree = SDKROOT; };
		71C3A38A1DC3703B00D901A1 /* KonaBot-Mac.entitlements */ = {isa = PBXFileReference; lastKnownFileType = text.plist.entitlements; path = "KonaBot-Mac.entitlements"; sourceTree = "<group>"; };
		71D6AECC1DC0B9F10028623C /* KonaBot-Mac.app */ = {isa = PBXFileReference; explicitFileType = wrapper.application; includeInIndex = 0; path = "KonaBot-Mac.app"; sourceTree = BUILT_PRODUCTS_DIR; };
		71D6AECF1DC0B9F10028623C /* AppDelegate.h */ = {isa = PBXFileReference; lastKnownFileType = sourcecode.c.h; path = AppDelegate.h; sourceTree = "<group>"; };
		71D6AED01DC0B9F10028623C /* AppDelegate.m */ = {isa = PBXFileReference; lastKnownFileType = sourcecode.c.objc; path = AppDelegate.m; sourceTree = "<group>"; };
		71D6AED31DC0B9F10028623C /* main.m */ = {isa = PBXFileReference; lastKnownFileType = sourcecode.c.objc; path = main.m; sourceTree = "<group>"; };
		71D6AEDB1DC0B9F10028623C /* Base */ = {isa = PBXFileReference; lastKnownFileType = file.storyboard; name = Base; path = Base.lproj/Main.storyboard; sourceTree = "<group>"; };
		71D6AEDD1DC0B9F10028623C /* Info.plist */ = {isa = PBXFileReference; lastKnownFileType = text.plist.xml; path = Info.plist; sourceTree = "<group>"; };
		71D6AEE51DC102150028623C /* KonaManager.h */ = {isa = PBXFileReference; fileEncoding = 4; lastKnownFileType = sourcecode.c.h; path = KonaManager.h; sourceTree = "<group>"; };
		71D6AEE61DC102150028623C /* KonaManager.m */ = {isa = PBXFileReference; fileEncoding = 4; lastKnownFileType = sourcecode.c.objc; path = KonaManager.m; sourceTree = "<group>"; };
		E8BF65B46804E952DC279B8A /* Pods-KonaBot-Mac.release.xcconfig */ = {isa = PBXFileReference; includeInIndex = 1; lastKnownFileType = text.xcconfig; name = "Pods-KonaBot-Mac.release.xcconfig"; path = "Pods/Target Support Files/Pods-KonaBot-Mac/Pods-KonaBot-Mac.release.xcconfig"; sourceTree = "<group>"; };
/* End PBXFileReference section */

/* Begin PBXFrameworksBuildPhase section */
		71D6AEC91DC0B9F10028623C /* Frameworks */ = {
			isa = PBXFrameworksBuildPhase;
			buildActionMask = 2147483647;
			files = (
				71524E861DC350ED00FC6278 /* WebKit.framework in Frameworks */,
				FD509D806572F402055FD1E4 /* Pods_KonaBot_Mac.framework in Frameworks */,
			);
			runOnlyForDeploymentPostprocessing = 0;
		};
/* End PBXFrameworksBuildPhase section */

/* Begin PBXGroup section */
		0675DF43F3BC64FF27BC5D49 /* Frameworks */ = {
			isa = PBXGroup;
			children = (
				71524E851DC350ED00FC6278 /* WebKit.framework */,
				1725EA2B9B682AD20E830DC0 /* Pods_KonaBot_Mac.framework */,
			);
			name = Frameworks;
			sourceTree = "<group>";
		};
		0CD6DA852D47FC5BE8DD28FC /* Pods */ = {
			isa = PBXGroup;
			children = (
				4DD548370774683C34AD1E13 /* Pods-KonaBot-Mac.debug.xcconfig */,
				E8BF65B46804E952DC279B8A /* Pods-KonaBot-Mac.release.xcconfig */,
			);
			name = Pods;
			sourceTree = "<group>";
		};
		71D6AEC31DC0B9F10028623C = {
			isa = PBXGroup;
			children = (
				71D6AECE1DC0B9F10028623C /* KonaBot-Mac */,
				71D6AECD1DC0B9F10028623C /* Products */,
				0CD6DA852D47FC5BE8DD28FC /* Pods */,
				0675DF43F3BC64FF27BC5D49 /* Frameworks */,
			);
			sourceTree = "<group>";
		};
		71D6AECD1DC0B9F10028623C /* Products */ = {
			isa = PBXGroup;
			children = (
				71D6AECC1DC0B9F10028623C /* KonaBot-Mac.app */,
			);
			name = Products;
			sourceTree = "<group>";
		};
		71D6AECE1DC0B9F10028623C /* KonaBot-Mac */ = {
			isa = PBXGroup;
			children = (
				71C3A38A1DC3703B00D901A1 /* KonaBot-Mac.entitlements */,
				71524E781DC23B4900FC6278 /* Assets.xcassets */,
				71D6AECF1DC0B9F10028623C /* AppDelegate.h */,
				71D6AED01DC0B9F10028623C /* AppDelegate.m */,
				71524E7D1DC249B400FC6278 /* PreferenceViewController.h */,
				71524E7E1DC249B400FC6278 /* PreferenceViewController.m */,
				71524E821DC34EC100FC6278 /* AboutViewController.h */,
				71524E831DC34EC100FC6278 /* AboutViewController.m */,
				71D6AEE51DC102150028623C /* KonaManager.h */,
				71D6AEE61DC102150028623C /* KonaManager.m */,
				713F99D41DC1969C006674F3 /* Utility.h */,
				713F99D51DC1969C006674F3 /* Utility.m */,
				71D6AEDA1DC0B9F10028623C /* Main.storyboard */,
				71D6AEDD1DC0B9F10028623C /* Info.plist */,
				71524E801DC34D9200FC6278 /* about.html */,
				71D6AED21DC0B9F10028623C /* Supporting Files */,
			);
			path = "KonaBot-Mac";
			sourceTree = "<group>";
		};
		71D6AED21DC0B9F10028623C /* Supporting Files */ = {
			isa = PBXGroup;
			children = (
				71D6AED31DC0B9F10028623C /* main.m */,
			);
			name = "Supporting Files";
			sourceTree = "<group>";
		};
/* End PBXGroup section */

/* Begin PBXNativeTarget section */
		71D6AECB1DC0B9F10028623C /* KonaBot-Mac */ = {
			isa = PBXNativeTarget;
			buildConfigurationList = 71D6AEE01DC0B9F10028623C /* Build configuration list for PBXNativeTarget "KonaBot-Mac" */;
			buildPhases = (
				A0040BA0C26765400C1825B5 /* 📦 Check Pods Manifest.lock */,
				71D6AEC81DC0B9F10028623C /* Sources */,
				71D6AEC91DC0B9F10028623C /* Frameworks */,
				71D6AECA1DC0B9F10028623C /* Resources */,
				1E39CB5EB9CF06079D179B9B /* 📦 Embed Pods Frameworks */,
				2B3A3F535DBD3CBEB3C6C1F7 /* 📦 Copy Pods Resources */,
			);
			buildRules = (
			);
			dependencies = (
			);
			name = "KonaBot-Mac";
			productName = "KonaBot-Mac";
			productReference = 71D6AECC1DC0B9F10028623C /* KonaBot-Mac.app */;
			productType = "com.apple.product-type.application";
		};
/* End PBXNativeTarget section */

/* Begin PBXProject section */
		71D6AEC41DC0B9F10028623C /* Project object */ = {
			isa = PBXProject;
			attributes = {
				LastUpgradeCheck = 0810;
				ORGANIZATIONNAME = "Alex Ling";
				TargetAttributes = {
					71D6AECB1DC0B9F10028623C = {
						CreatedOnToolsVersion = 8.1;
						DevelopmentTeam = 9947S4AFL2;
						ProvisioningStyle = Automatic;
						SystemCapabilities = {
							com.apple.Sandbox = {
								enabled = 1;
							};
						};
					};
				};
			};
			buildConfigurationList = 71D6AEC71DC0B9F10028623C /* Build configuration list for PBXProject "KonaBot-Mac" */;
			compatibilityVersion = "Xcode 3.2";
			developmentRegion = English;
			hasScannedForEncodings = 0;
			knownRegions = (
				en,
				Base,
			);
			mainGroup = 71D6AEC31DC0B9F10028623C;
			productRefGroup = 71D6AECD1DC0B9F10028623C /* Products */;
			projectDirPath = "";
			projectRoot = "";
			targets = (
				71D6AECB1DC0B9F10028623C /* KonaBot-Mac */,
			);
		};
/* End PBXProject section */

/* Begin PBXResourcesBuildPhase section */
		71D6AECA1DC0B9F10028623C /* Resources */ = {
			isa = PBXResourcesBuildPhase;
			buildActionMask = 2147483647;
			files = (
				71524E811DC34D9200FC6278 /* about.html in Resources */,
				71524E791DC23B4900FC6278 /* Assets.xcassets in Resources */,
				71D6AEDC1DC0B9F10028623C /* Main.storyboard in Resources */,
			);
			runOnlyForDeploymentPostprocessing = 0;
		};
/* End PBXResourcesBuildPhase section */

/* Begin PBXShellScriptBuildPhase section */
		1E39CB5EB9CF06079D179B9B /* 📦 Embed Pods Frameworks */ = {
			isa = PBXShellScriptBuildPhase;
			buildActionMask = 2147483647;
			files = (
			);
			inputPaths = (
			);
			name = "📦 Embed Pods Frameworks";
			outputPaths = (
			);
			runOnlyForDeploymentPostprocessing = 0;
			shellPath = /bin/sh;
			shellScript = "\"${SRCROOT}/Pods/Target Support Files/Pods-KonaBot-Mac/Pods-KonaBot-Mac-frameworks.sh\"\n";
			showEnvVarsInLog = 0;
		};
		2B3A3F535DBD3CBEB3C6C1F7 /* 📦 Copy Pods Resources */ = {
			isa = PBXShellScriptBuildPhase;
			buildActionMask = 2147483647;
			files = (
			);
			inputPaths = (
			);
			name = "📦 Copy Pods Resources";
			outputPaths = (
			);
			runOnlyForDeploymentPostprocessing = 0;
			shellPath = /bin/sh;
			shellScript = "\"${SRCROOT}/Pods/Target Support Files/Pods-KonaBot-Mac/Pods-KonaBot-Mac-resources.sh\"\n";
			showEnvVarsInLog = 0;
		};
		A0040BA0C26765400C1825B5 /* 📦 Check Pods Manifest.lock */ = {
			isa = PBXShellScriptBuildPhase;
			buildActionMask = 2147483647;
			files = (
			);
			inputPaths = (
			);
			name = "📦 Check Pods Manifest.lock";
			outputPaths = (
			);
			runOnlyForDeploymentPostprocessing = 0;
			shellPath = /bin/sh;
			shellScript = "diff \"${PODS_ROOT}/../Podfile.lock\" \"${PODS_ROOT}/Manifest.lock\" > /dev/null\nif [[ $? != 0 ]] ; then\n    cat << EOM\nerror: The sandbox is not in sync with the Podfile.lock. Run 'pod install' or update your CocoaPods installation.\nEOM\n    exit 1\nfi\n";
			showEnvVarsInLog = 0;
		};
/* End PBXShellScriptBuildPhase section */

/* Begin PBXSourcesBuildPhase section */
		71D6AEC81DC0B9F10028623C /* Sources */ = {
			isa = PBXSourcesBuildPhase;
			buildActionMask = 2147483647;
			files = (
				71524E841DC34EC100FC6278 /* AboutViewController.m in Sources */,
				71D6AEE71DC102150028623C /* KonaManager.m in Sources */,
				713F99D61DC1969C006674F3 /* Utility.m in Sources */,
				71524E7F1DC249B400FC6278 /* PreferenceViewController.m in Sources */,
				71D6AED41DC0B9F10028623C /* main.m in Sources */,
				71D6AED11DC0B9F10028623C /* AppDelegate.m in Sources */,
			);
			runOnlyForDeploymentPostprocessing = 0;
		};
/* End PBXSourcesBuildPhase section */

/* Begin PBXVariantGroup section */
		71D6AEDA1DC0B9F10028623C /* Main.storyboard */ = {
			isa = PBXVariantGroup;
			children = (
				71D6AEDB1DC0B9F10028623C /* Base */,
			);
			name = Main.storyboard;
			sourceTree = "<group>";
		};
/* End PBXVariantGroup section */

/* Begin XCBuildConfiguration section */
		71D6AEDE1DC0B9F10028623C /* Debug */ = {
			isa = XCBuildConfiguration;
			buildSettings = {
				ALWAYS_SEARCH_USER_PATHS = NO;
				CLANG_ANALYZER_NONNULL = YES;
				CLANG_CXX_LANGUAGE_STANDARD = "gnu++0x";
				CLANG_CXX_LIBRARY = "libc++";
				CLANG_ENABLE_MODULES = YES;
				CLANG_ENABLE_OBJC_ARC = YES;
				CLANG_WARN_BOOL_CONVERSION = YES;
				CLANG_WARN_CONSTANT_CONVERSION = YES;
				CLANG_WARN_DIRECT_OBJC_ISA_USAGE = YES_ERROR;
				CLANG_WARN_DOCUMENTATION_COMMENTS = YES;
				CLANG_WARN_EMPTY_BODY = YES;
				CLANG_WARN_ENUM_CONVERSION = YES;
				CLANG_WARN_INFINITE_RECURSION = YES;
				CLANG_WARN_INT_CONVERSION = YES;
				CLANG_WARN_OBJC_ROOT_CLASS = YES_ERROR;
				CLANG_WARN_SUSPICIOUS_MOVES = YES;
				CLANG_WARN_UNREACHABLE_CODE = YES;
				CLANG_WARN__DUPLICATE_METHOD_MATCH = YES;
				CODE_SIGN_IDENTITY = "-";
				COPY_PHASE_STRIP = NO;
				DEBUG_INFORMATION_FORMAT = dwarf;
				ENABLE_STRICT_OBJC_MSGSEND = YES;
				ENABLE_TESTABILITY = YES;
				GCC_C_LANGUAGE_STANDARD = gnu99;
				GCC_DYNAMIC_NO_PIC = NO;
				GCC_NO_COMMON_BLOCKS = YES;
				GCC_OPTIMIZATION_LEVEL = 0;
				GCC_PREPROCESSOR_DEFINITIONS = (
					"DEBUG=1",
					"$(inherited)",
				);
				GCC_WARN_64_TO_32_BIT_CONVERSION = YES;
				GCC_WARN_ABOUT_RETURN_TYPE = YES_ERROR;
				GCC_WARN_UNDECLARED_SELECTOR = YES;
				GCC_WARN_UNINITIALIZED_AUTOS = YES_AGGRESSIVE;
				GCC_WARN_UNUSED_FUNCTION = YES;
				GCC_WARN_UNUSED_VARIABLE = YES;
				MACOSX_DEPLOYMENT_TARGET = 10.10;
				MTL_ENABLE_DEBUG_INFO = YES;
				ONLY_ACTIVE_ARCH = YES;
				SDKROOT = macosx;
			};
			name = Debug;
		};
		71D6AEDF1DC0B9F10028623C /* Release */ = {
			isa = XCBuildConfiguration;
			buildSettings = {
				ALWAYS_SEARCH_USER_PATHS = NO;
				CLANG_ANALYZER_NONNULL = YES;
				CLANG_CXX_LANGUAGE_STANDARD = "gnu++0x";
				CLANG_CXX_LIBRARY = "libc++";
				CLANG_ENABLE_MODULES = YES;
				CLANG_ENABLE_OBJC_ARC = YES;
				CLANG_WARN_BOOL_CONVERSION = YES;
				CLANG_WARN_CONSTANT_CONVERSION = YES;
				CLANG_WARN_DIRECT_OBJC_ISA_USAGE = YES_ERROR;
				CLANG_WARN_DOCUMENTATION_COMMENTS = YES;
				CLANG_WARN_EMPTY_BODY = YES;
				CLANG_WARN_ENUM_CONVERSION = YES;
				CLANG_WARN_INFINITE_RECURSION = YES;
				CLANG_WARN_INT_CONVERSION = YES;
				CLANG_WARN_OBJC_ROOT_CLASS = YES_ERROR;
				CLANG_WARN_SUSPICIOUS_MOVES = YES;
				CLANG_WARN_UNREACHABLE_CODE = YES;
				CLANG_WARN__DUPLICATE_METHOD_MATCH = YES;
				CODE_SIGN_IDENTITY = "-";
				COPY_PHASE_STRIP = NO;
				DEBUG_INFORMATION_FORMAT = "dwarf-with-dsym";
				ENABLE_NS_ASSERTIONS = NO;
				ENABLE_STRICT_OBJC_MSGSEND = YES;
				GCC_C_LANGUAGE_STANDARD = gnu99;
				GCC_NO_COMMON_BLOCKS = YES;
				GCC_WARN_64_TO_32_BIT_CONVERSION = YES;
				GCC_WARN_ABOUT_RETURN_TYPE = YES_ERROR;
				GCC_WARN_UNDECLARED_SELECTOR = YES;
				GCC_WARN_UNINITIALIZED_AUTOS = YES_AGGRESSIVE;
				GCC_WARN_UNUSED_FUNCTION = YES;
				GCC_WARN_UNUSED_VARIABLE = YES;
				MACOSX_DEPLOYMENT_TARGET = 10.10;
				MTL_ENABLE_DEBUG_INFO = NO;
				SDKROOT = macosx;
			};
			name = Release;
		};
		71D6AEE11DC0B9F10028623C /* Debug */ = {
			isa = XCBuildConfiguration;
			baseConfigurationReference = 4DD548370774683C34AD1E13 /* Pods-KonaBot-Mac.debug.xcconfig */;
			buildSettings = {
				ASSETCATALOG_COMPILER_APPICON_NAME = AppIcon;
				CODE_SIGN_ENTITLEMENTS = "KonaBot-Mac/KonaBot-Mac.entitlements";
				CODE_SIGN_IDENTITY = "Mac Developer";
				COMBINE_HIDPI_IMAGES = YES;
				DEVELOPMENT_TEAM = 9947S4AFL2;
				INFOPLIST_FILE = "KonaBot-Mac/Info.plist";
				LD_RUNPATH_SEARCH_PATHS = "$(inherited) @executable_path/../Frameworks";
				MACOSX_DEPLOYMENT_TARGET = 10.10;
				PRODUCT_BUNDLE_IDENTIFIER = "hkalexling.KonaBot-Mac";
				PRODUCT_NAME = "$(TARGET_NAME)";
			};
			name = Debug;
		};
		71D6AEE21DC0B9F10028623C /* Release */ = {
			isa = XCBuildConfiguration;
			baseConfigurationReference = E8BF65B46804E952DC279B8A /* Pods-KonaBot-Mac.release.xcconfig */;
			buildSettings = {
				ASSETCATALOG_COMPILER_APPICON_NAME = AppIcon;
				CODE_SIGN_ENTITLEMENTS = "KonaBot-Mac/KonaBot-Mac.entitlements";
				CODE_SIGN_IDENTITY = "Mac Developer";
				COMBINE_HIDPI_IMAGES = YES;
				DEVELOPMENT_TEAM = 9947S4AFL2;
				INFOPLIST_FILE = "KonaBot-Mac/Info.plist";
				LD_RUNPATH_SEARCH_PATHS = "$(inherited) @executable_path/../Frameworks";
				MACOSX_DEPLOYMENT_TARGET = 10.10;
				PRODUCT_BUNDLE_IDENTIFIER = "hkalexling.KonaBot-Mac";
				PRODUCT_NAME = "$(TARGET_NAME)";
			};
			name = Release;
		};
/* End XCBuildConfiguration section */

/* Begin XCConfigurationList section */
		71D6AEC71DC0B9F10028623C /* Build configuration list for PBXProject "KonaBot-Mac" */ = {
			isa = XCConfigurationList;
			buildConfigurations = (
				71D6AEDE1DC0B9F10028623C /* Debug */,
				71D6AEDF1DC0B9F10028623C /* Release */,
			);
			defaultConfigurationIsVisible = 0;
			defaultConfigurationName = Release;
		};
		71D6AEE01DC0B9F10028623C /* Build configuration list for PBXNativeTarget "KonaBot-Mac" */ = {
			isa = XCConfigurationList;
			buildConfigurations = (
				71D6AEE11DC0B9F10028623C /* Debug */,
				71D6AEE21DC0B9F10028623C /* Release */,
			);
			defaultConfigurationIsVisible = 0;
			defaultConfigurationName = Release;
		};
/* End XCConfigurationList section */
	};
	rootObject = 71D6AEC41DC0B9F10028623C /* Project object */;
}
